
Microsoft Visual Studio Solution File, Format Version 12.00
# Visual Studio Version 17
VisualStudioVersion = 17.11.35222.181
MinimumVisualStudioVersion = 10.0.40219.1
Project("{FAE04EC0-301F-11D3-BF4B-00C04F79EFBC}") = "ProjetoFinal-DotNET", "ProjetoFinal-DotNET\ProjetoFinal-DotNET.csproj", "{DF16A869-4F7B-4FAE-997B-CB4FE5F94161}"
EndProject
Global
	GlobalSection(SolutionConfigurationPlatforms) = preSolution
		Debug|Any CPU = Debug|Any CPU
		Release|Any CPU = Release|Any CPU
	EndGlobalSection
	GlobalSection(ProjectConfigurationPlatforms) = postSolution
		{DF16A869-4F7B-4FAE-997B-CB4FE5F94161}.Debug|Any CPU.ActiveCfg = Debug|Any CPU
		{DF16A869-4F7B-4FAE-997B-CB4FE5F94161}.Debug|Any CPU.Build.0 = Debug|Any CPU
		{DF16A869-4F7B-4FAE-997B-CB4FE5F94161}.Release|Any CPU.ActiveCfg = Release|Any CPU
		{DF16A869-4F7B-4FAE-997B-CB4FE5F94161}.Release|Any CPU.Build.0 = Release|Any CPU
	EndGlobalSection
	GlobalSection(SolutionProperties) = preSolution
		HideSolutionNode = FALSE
	EndGlobalSection
	GlobalSection(ExtensibilityGlobals) = postSolution
		SolutionGuid = {EA35FB9F-077C-4025-A4FA-CAF71A9D640C}
	EndGlobalSection
EndGlobal
