
Microsoft Visual Studio Solution File, Format Version 12.00
# Visual Studio Version 17
VisualStudioVersion = 17.11.35222.181
MinimumVisualStudioVersion = 10.0.40219.1
Project("{9A19103F-16F7-4668-BE54-9A1E7A4F7556}") = "ConectaCienciaAPI", "ConectaCienciaAPI\ConectaCienciaAPI.csproj", "{DF833E85-B640-4596-8B0F-7036CECEE0DF}"
EndProject
Project("{FAE04EC0-301F-11D3-BF4B-00C04F79EFBC}") = "TesteAPI_ConectaCiencia", "TesteAPI_ConectaCiencia\TesteAPI_ConectaCiencia.csproj", "{4A9BEDCB-2D7E-42B7-AB19-A01E33AD822D}"
EndProject
Global
	GlobalSection(SolutionConfigurationPlatforms) = preSolution
		Debug|Any CPU = Debug|Any CPU
		Release|Any CPU = Release|Any CPU
	EndGlobalSection
	GlobalSection(ProjectConfigurationPlatforms) = postSolution
		{DF833E85-B640-4596-8B0F-7036CECEE0DF}.Debug|Any CPU.ActiveCfg = Debug|Any CPU
		{DF833E85-B640-4596-8B0F-7036CECEE0DF}.Debug|Any CPU.Build.0 = Debug|Any CPU
		{DF833E85-B640-4596-8B0F-7036CECEE0DF}.Release|Any CPU.ActiveCfg = Release|Any CPU
		{DF833E85-B640-4596-8B0F-7036CECEE0DF}.Release|Any CPU.Build.0 = Release|Any CPU
		{4A9BEDCB-2D7E-42B7-AB19-A01E33AD822D}.Debug|Any CPU.ActiveCfg = Debug|Any CPU
		{4A9BEDCB-2D7E-42B7-AB19-A01E33AD822D}.Debug|Any CPU.Build.0 = Debug|Any CPU
		{4A9BEDCB-2D7E-42B7-AB19-A01E33AD822D}.Release|Any CPU.ActiveCfg = Release|Any CPU
		{4A9BEDCB-2D7E-42B7-AB19-A01E33AD822D}.Release|Any CPU.Build.0 = Release|Any CPU
	EndGlobalSection
	GlobalSection(SolutionProperties) = preSolution
		HideSolutionNode = FALSE
	EndGlobalSection
	GlobalSection(ExtensibilityGlobals) = postSolution
		SolutionGuid = {B6511989-E59C-47A4-B030-F6EA88942ED4}
	EndGlobalSection
EndGlobal
